<?xml version="1.0" encoding="utf-8"?>
<Project ToolsVersion="4.0" xmlns="http://schemas.microsoft.com/developer/msbuild/2003">
  <ItemGroup>
    <Filter Include="_Resource File">
      <UniqueIdentifier>{67DA6AB6-F800-4c08-8B7A-83BB121AAD01}</UniqueIdentifier>
      <Extensions>rc;ico;cur;bmp;dlg;rc2;rct;bin;rgs;gif;jpg;jpeg;jpe;resx;tiff;tif;png;wav;mfcribbon-ms</Extensions>
    </Filter>
    <Filter Include="_Header File">
      <UniqueIdentifier>{93995380-89BD-4b04-88EB-625FBE52EBFB}</UniqueIdentifier>
      <Extensions>h;hh;hpp;hxx;h++;hm;inl;inc;ipp;xsd</Extensions>
    </Filter>
    <Filter Include="SOURCE">
      <UniqueIdentifier>{ac2f7322-8f8b-4e23-a5d4-2d1813f4ac45}</UniqueIdentifier>
    </Filter>
    <Filter Include="SOURCE\public">
      <UniqueIdentifier>{613f1edc-369d-4b0d-b3fd-2e9bc2f75d0e}</UniqueIdentifier>
    </Filter>
    <Filter Include="SOURCE\private">
      <UniqueIdentifier>{dc548d68-2bc7-4f07-a794-3581a1da9b3b}</UniqueIdentifier>
    </Filter>
  </ItemGroup>
  <ItemGroup>
    <ClInclude Include="framework.h">
      <Filter>_Header File</Filter>
    </ClInclude>
    <ClInclude Include="targetver.h">
      <Filter>_Header File</Filter>
    </ClInclude>
    <ClInclude Include="Resource.h">
      <Filter>_Header File</Filter>
    </ClInclude>
    <ClInclude Include="Engine_Editor.h">
      <Filter>_Header File</Filter>
    </ClInclude>
  </ItemGroup>
  <ItemGroup>
    <ResourceCompile Include="Engine_Editor.rc">
      <Filter>_Resource File</Filter>
    </ResourceCompile>
  </ItemGroup>
  <ItemGroup>
    <Image Include="small.ico">
      <Filter>_Resource File</Filter>
    </Image>
    <Image Include="Engine_Editor.ico">
      <Filter>_Resource File</Filter>
    </Image>
  </ItemGroup>
  <ItemGroup>
    <ClCompile Include="main.cpp" />
  </ItemGroup>
</Project>